
Microsoft Visual Studio Solution File, Format Version 12.00
# Visual Studio Version 17
VisualStudioVersion = 17.11.35312.102
MinimumVisualStudioVersion = 10.0.40219.1
Project("{FAE04EC0-301F-11D3-BF4B-00C04F79EFBC}") = "ConjuntosMateDiscreta", "ConjuntosMateDiscreta\ConjuntosMateDiscreta.csproj", "{3281558B-1B3A-4384-B074-9306DA8289E3}"
EndProject
Global
	GlobalSection(SolutionConfigurationPlatforms) = preSolution
		Debug|Any CPU = Debug|Any CPU
		Release|Any CPU = Release|Any CPU
	EndGlobalSection
	GlobalSection(ProjectConfigurationPlatforms) = postSolution
		{3281558B-1B3A-4384-B074-9306DA8289E3}.Debug|Any CPU.ActiveCfg = Debug|Any CPU
		{3281558B-1B3A-4384-B074-9306DA8289E3}.Debug|Any CPU.Build.0 = Debug|Any CPU
		{3281558B-1B3A-4384-B074-9306DA8289E3}.Release|Any CPU.ActiveCfg = Release|Any CPU
		{3281558B-1B3A-4384-B074-9306DA8289E3}.Release|Any CPU.Build.0 = Release|Any CPU
	EndGlobalSection
	GlobalSection(SolutionProperties) = preSolution
		HideSolutionNode = FALSE
	EndGlobalSection
	GlobalSection(ExtensibilityGlobals) = postSolution
		SolutionGuid = {72839457-C14E-43FF-ACA6-C2BCB6C692D6}
	EndGlobalSection
EndGlobal
